// !$*UTF8*$!
{
	archiveVersion = 1;
	classes = {
	};
	objectVersion = 46;
	objects = {

/* Begin PBXBuildFile section */
		DEE20E2A1F7B260A00F2D2C0 /* AppDelegate.swift in Sources */ = {isa = PBXBuildFile; fileRef = DEE20E291F7B260A00F2D2C0 /* AppDelegate.swift */; };
		DEE20E2C1F7B260A00F2D2C0 /* ViewController.swift in Sources */ = {isa = PBXBuildFile; fileRef = DEE20E2B1F7B260A00F2D2C0 /* ViewController.swift */; };
		DEE20E2F1F7B260A00F2D2C0 /* Main.storyboard in Resources */ = {isa = PBXBuildFile; fileRef = DEE20E2D1F7B260A00F2D2C0 /* Main.storyboard */; };
		DEE20E311F7B260A00F2D2C0 /* Assets.xcassets in Resources */ = {isa = PBXBuildFile; fileRef = DEE20E301F7B260A00F2D2C0 /* Assets.xcassets */; };
		DEE20E341F7B260A00F2D2C0 /* LaunchScreen.storyboard in Resources */ = {isa = PBXBuildFile; fileRef = DEE20E321F7B260A00F2D2C0 /* LaunchScreen.storyboard */; };
		DEE20E3F1F7B2C2F00F2D2C0 /* ProgressBarDraw.swift in Sources */ = {isa = PBXBuildFile; fileRef = DEE20E3E1F7B2C2F00F2D2C0 /* ProgressBarDraw.swift */; };
		DEE20E411F7B334700F2D2C0 /* ProgressBarView.swift in Sources */ = {isa = PBXBuildFile; fileRef = DEE20E401F7B334700F2D2C0 /* ProgressBarView.swift */; };
/* End PBXBuildFile section */

/* Begin PBXFileReference section */
		DEE20E261F7B260A00F2D2C0 /* progressBarfun.app */ = {isa = PBXFileReference; explicitFileType = wrapper.application; includeInIndex = 0; path = progressBarfun.app; sourceTree = BUILT_PRODUCTS_DIR; };
		DEE20E291F7B260A00F2D2C0 /* AppDelegate.swift */ = {isa = PBXFileReference; lastKnownFileType = sourcecode.swift; path = AppDelegate.swift; sourceTree = "<group>"; };
		DEE20E2B1F7B260A00F2D2C0 /* ViewController.swift */ = {isa = PBXFileReference; lastKnownFileType = sourcecode.swift; path = ViewController.swift; sourceTree = "<group>"; };
		DEE20E2E1F7B260A00F2D2C0 /* Base */ = {isa = PBXFileReference; lastKnownFileType = file.storyboard; name = Base; path = Base.lproj/Main.storyboard; sourceTree = "<group>"; };
		DEE20E301F7B260A00F2D2C0 /* Assets.xcassets */ = {isa = PBXFileReference; lastKnownFileType = folder.assetcatalog; path = Assets.xcassets; sourceTree = "<group>"; };
		DEE20E331F7B260A00F2D2C0 /* Base */ = {isa = PBXFileReference; lastKnownFileType = file.storyboard; name = Base; path = Base.lproj/LaunchScreen.storyboard; sourceTree = "<group>"; };
		DEE20E351F7B260A00F2D2C0 /* Info.plist */ = {isa = PBXFileReference; lastKnownFileType = text.plist.xml; path = Info.plist; sourceTree = "<group>"; };
		DEE20E3E1F7B2C2F00F2D2C0 /* ProgressBarDraw.swift */ = {isa = PBXFileReference; fileEncoding = 4; lastKnownFileType = sourcecode.swift; path = ProgressBarDraw.swift; sourceTree = "<group>"; };
		DEE20E401F7B334700F2D2C0 /* ProgressBarView.swift */ = {isa = PBXFileReference; fileEncoding = 4; lastKnownFileType = sourcecode.swift; path = ProgressBarView.swift; sourceTree = "<group>"; };
/* End PBXFileReference section */

/* Begin PBXFrameworksBuildPhase section */
		DEE20E231F7B260A00F2D2C0 /* Frameworks */ = {
			isa = PBXFrameworksBuildPhase;
			buildActionMask = 2147483647;
			files = (
			);
			runOnlyForDeploymentPostprocessing = 0;
		};
/* End PBXFrameworksBuildPhase section */

/* Begin PBXGroup section */
		DEE20E1D1F7B260A00F2D2C0 = {
			isa = PBXGroup;
			children = (
				DEE20E281F7B260A00F2D2C0 /* progressBarfun */,
				DEE20E271F7B260A00F2D2C0 /* Products */,
			);
			sourceTree = "<group>";
		};
		DEE20E271F7B260A00F2D2C0 /* Products */ = {
			isa = PBXGroup;
			children = (
				DEE20E261F7B260A00F2D2C0 /* progressBarfun.app */,
			);
			name = Products;
			sourceTree = "<group>";
		};
		DEE20E281F7B260A00F2D2C0 /* progressBarfun */ = {
			isa = PBXGroup;
			children = (
				DEE20E3D1F7B263100F2D2C0 /* Controller */,
				DEE20E3C1F7B262B00F2D2C0 /* View */,
				DEE20E3B1F7B262300F2D2C0 /* Model */,
				DEE20E291F7B260A00F2D2C0 /* AppDelegate.swift */,
				DEE20E2D1F7B260A00F2D2C0 /* Main.storyboard */,
				DEE20E301F7B260A00F2D2C0 /* Assets.xcassets */,
				DEE20E321F7B260A00F2D2C0 /* LaunchScreen.storyboard */,
				DEE20E351F7B260A00F2D2C0 /* Info.plist */,
			);
			path = progressBarfun;
			sourceTree = "<group>";
		};
		DEE20E3B1F7B262300F2D2C0 /* Model */ = {
			isa = PBXGroup;
			children = (
			);
			name = Model;
			sourceTree = "<group>";
		};
		DEE20E3C1F7B262B00F2D2C0 /* View */ = {
			isa = PBXGroup;
			children = (
				DEE20E3E1F7B2C2F00F2D2C0 /* ProgressBarDraw.swift */,
				DEE20E401F7B334700F2D2C0 /* ProgressBarView.swift */,
			);
			name = View;
			sourceTree = "<group>";
		};
		DEE20E3D1F7B263100F2D2C0 /* Controller */ = {
			isa = PBXGroup;
			children = (
				DEE20E2B1F7B260A00F2D2C0 /* ViewController.swift */,
			);
			name = Controller;
			sourceTree = "<group>";
		};
/* End PBXGroup section */

/* Begin PBXNativeTarget section */
		DEE20E251F7B260A00F2D2C0 /* progressBarfun */ = {
			isa = PBXNativeTarget;
			buildConfigurationList = DEE20E381F7B260A00F2D2C0 /* Build configuration list for PBXNativeTarget "progressBarfun" */;
			buildPhases = (
				DEE20E221F7B260A00F2D2C0 /* Sources */,
				DEE20E231F7B260A00F2D2C0 /* Frameworks */,
				DEE20E241F7B260A00F2D2C0 /* Resources */,
			);
			buildRules = (
			);
			dependencies = (
			);
			name = progressBarfun;
			productName = progressBarfun;
			productReference = DEE20E261F7B260A00F2D2C0 /* progressBarfun.app */;
			productType = "com.apple.product-type.application";
		};
/* End PBXNativeTarget section */

/* Begin PBXProject section */
		DEE20E1E1F7B260A00F2D2C0 /* Project object */ = {
			isa = PBXProject;
			attributes = {
				LastSwiftUpdateCheck = 0730;
				LastUpgradeCheck = 0730;
				ORGANIZATIONNAME = JanielHNY;
				TargetAttributes = {
					DEE20E251F7B260A00F2D2C0 = {
						CreatedOnToolsVersion = 7.3;
					};
				};
			};
			buildConfigurationList = DEE20E211F7B260A00F2D2C0 /* Build configuration list for PBXProject "progressBarfun" */;
			compatibilityVersion = "Xcode 3.2";
			developmentRegion = English;
			hasScannedForEncodings = 0;
			knownRegions = (
				en,
				Base,
			);
			mainGroup = DEE20E1D1F7B260A00F2D2C0;
			productRefGroup = DEE20E271F7B260A00F2D2C0 /* Products */;
			projectDirPath = "";
			projectRoot = "";
			targets = (
				DEE20E251F7B260A00F2D2C0 /* progressBarfun */,
			);
		};
/* End PBXProject section */

/* Begin PBXResourcesBuildPhase section */
		DEE20E241F7B260A00F2D2C0 /* Resources */ = {
			isa = PBXResourcesBuildPhase;
			buildActionMask = 2147483647;
			files = (
				DEE20E341F7B260A00F2D2C0 /* LaunchScreen.storyboard in Resources */,
				DEE20E311F7B260A00F2D2C0 /* Assets.xcassets in Resources */,
				DEE20E2F1F7B260A00F2D2C0 /* Main.storyboard in Resources */,
			);
			runOnlyForDeploymentPostprocessing = 0;
		};
/* End PBXResourcesBuildPhase section */

/* Begin PBXSourcesBuildPhase section */
		DEE20E221F7B260A00F2D2C0 /* Sources */ = {
			isa = PBXSourcesBuildPhase;
			buildActionMask = 2147483647;
			files = (
				DEE20E3F1F7B2C2F00F2D2C0 /* ProgressBarDraw.swift in Sources */,
				DEE20E411F7B334700F2D2C0 /* ProgressBarView.swift in Sources */,
				DEE20E2C1F7B260A00F2D2C0 /* ViewController.swift in Sources */,
				DEE20E2A1F7B260A00F2D2C0 /* AppDelegate.swift in Sources */,
			);
			runOnlyForDeploymentPostprocessing = 0;
		};
/* End PBXSourcesBuildPhase section */

/* Begin PBXVariantGroup section */
		DEE20E2D1F7B260A00F2D2C0 /* Main.storyboard */ = {
			isa = PBXVariantGroup;
			children = (
				DEE20E2E1F7B260A00F2D2C0 /* Base */,
			);
			name = Main.storyboard;
			sourceTree = "<group>";
		};
		DEE20E321F7B260A00F2D2C0 /* LaunchScreen.storyboard */ = {
			isa = PBXVariantGroup;
			children = (
				DEE20E331F7B260A00F2D2C0 /* Base */,
			);
			name = LaunchScreen.storyboard;
			sourceTree = "<group>";
		};
/* End PBXVariantGroup section */

/* Begin XCBuildConfiguration section */
		DEE20E361F7B260A00F2D2C0 /* Debug */ = {
			isa = XCBuildConfiguration;
			buildSettings = {
				ALWAYS_SEARCH_USER_PATHS = NO;
				CLANG_ANALYZER_NONNULL = YES;
				CLANG_CXX_LANGUAGE_STANDARD = "gnu++0x";
				CLANG_CXX_LIBRARY = "libc++";
				CLANG_ENABLE_MODULES = YES;
				CLANG_ENABLE_OBJC_ARC = YES;
				CLANG_WARN_BOOL_CONVERSION = YES;
				CLANG_WARN_CONSTANT_CONVERSION = YES;
				CLANG_WARN_DIRECT_OBJC_ISA_USAGE = YES_ERROR;
				CLANG_WARN_EMPTY_BODY = YES;
				CLANG_WARN_ENUM_CONVERSION = YES;
				CLANG_WARN_INT_CONVERSION = YES;
				CLANG_WARN_OBJC_ROOT_CLASS = YES_ERROR;
				CLANG_WARN_UNREACHABLE_CODE = YES;
				CLANG_WARN__DUPLICATE_METHOD_MATCH = YES;
				"CODE_SIGN_IDENTITY[sdk=iphoneos*]" = "iPhone Developer";
				COPY_PHASE_STRIP = NO;
				DEBUG_INFORMATION_FORMAT = dwarf;
				ENABLE_STRICT_OBJC_MSGSEND = YES;
				ENABLE_TESTABILITY = YES;
				GCC_C_LANGUAGE_STANDARD = gnu99;
				GCC_DYNAMIC_NO_PIC = NO;
				GCC_NO_COMMON_BLOCKS = YES;
				GCC_OPTIMIZATION_LEVEL = 0;
				GCC_PREPROCESSOR_DEFINITIONS = (
					"DEBUG=1",
					"$(inherited)",
				);
				GCC_WARN_64_TO_32_BIT_CONVERSION = YES;
				GCC_WARN_ABOUT_RETURN_TYPE = YES_ERROR;
				GCC_WARN_UNDECLARED_SELECTOR = YES;
				GCC_WARN_UNINITIALIZED_AUTOS = YES_AGGRESSIVE;
				GCC_WARN_UNUSED_FUNCTION = YES;
				GCC_WARN_UNUSED_VARIABLE = YES;
				IPHONEOS_DEPLOYMENT_TARGET = 9.3;
				MTL_ENABLE_DEBUG_INFO = YES;
				ONLY_ACTIVE_ARCH = YES;
				SDKROOT = iphoneos;
				SWIFT_OPTIMIZATION_LEVEL = "-Onone";
				TARGETED_DEVICE_FAMILY = "1,2";
			};
			name = Debug;
		};
		DEE20E371F7B260A00F2D2C0 /* Release */ = {
			isa = XCBuildConfiguration;
			buildSettings = {
				ALWAYS_SEARCH_USER_PATHS = NO;
				CLANG_ANALYZER_NONNULL = YES;
				CLANG_CXX_LANGUAGE_STANDARD = "gnu++0x";
				CLANG_CXX_LIBRARY = "libc++";
				CLANG_ENABLE_MODULES = YES;
				CLANG_ENABLE_OBJC_ARC = YES;
				CLANG_WARN_BOOL_CONVERSION = YES;
				CLANG_WARN_CONSTANT_CONVERSION = YES;
				CLANG_WARN_DIRECT_OBJC_ISA_USAGE = YES_ERROR;
				CLANG_WARN_EMPTY_BODY = YES;
				CLANG_WARN_ENUM_CONVERSION = YES;
				CLANG_WARN_INT_CONVERSION = YES;
				CLANG_WARN_OBJC_ROOT_CLASS = YES_ERROR;
				CLANG_WARN_UNREACHABLE_CODE = YES;
				CLANG_WARN__DUPLICATE_METHOD_MATCH = YES;
				"CODE_SIGN_IDENTITY[sdk=iphoneos*]" = "iPhone Developer";
				COPY_PHASE_STRIP = NO;
				DEBUG_INFORMATION_FORMAT = "dwarf-with-dsym";
				ENABLE_NS_ASSERTIONS = NO;
				ENABLE_STRICT_OBJC_MSGSEND = YES;
				GCC_C_LANGUAGE_STANDARD = gnu99;
				GCC_NO_COMMON_BLOCKS = YES;
				GCC_WARN_64_TO_32_BIT_CONVERSION = YES;
				GCC_WARN_ABOUT_RETURN_TYPE = YES_ERROR;
				GCC_WARN_UNDECLARED_SELECTOR = YES;
				GCC_WARN_UNINITIALIZED_AUTOS = YES_AGGRESSIVE;
				GCC_WARN_UNUSED_FUNCTION = YES;
				GCC_WARN_UNUSED_VARIABLE = YES;
				IPHONEOS_DEPLOYMENT_TARGET = 9.3;
				MTL_ENABLE_DEBUG_INFO = NO;
				SDKROOT = iphoneos;
				TARGETED_DEVICE_FAMILY = "1,2";
				VALIDATE_PRODUCT = YES;
			};
			name = Release;
		};
		DEE20E391F7B260A00F2D2C0 /* Debug */ = {
			isa = XCBuildConfiguration;
			buildSettings = {
				ASSETCATALOG_COMPILER_APPICON_NAME = AppIcon;
				INFOPLIST_FILE = progressBarfun/Info.plist;
				LD_RUNPATH_SEARCH_PATHS = "$(inherited) @executable_path/Frameworks";
				PRODUCT_BUNDLE_IDENTIFIER = com.janielh.progressBarfun;
				PRODUCT_NAME = "$(TARGET_NAME)";
			};
			name = Debug;
		};
		DEE20E3A1F7B260A00F2D2C0 /* Release */ = {
			isa = XCBuildConfiguration;
			buildSettings = {
				ASSETCATALOG_COMPILER_APPICON_NAME = AppIcon;
				INFOPLIST_FILE = progressBarfun/Info.plist;
				LD_RUNPATH_SEARCH_PATHS = "$(inherited) @executable_path/Frameworks";
				PRODUCT_BUNDLE_IDENTIFIER = com.janielh.progressBarfun;
				PRODUCT_NAME = "$(TARGET_NAME)";
			};
			name = Release;
		};
/* End XCBuildConfiguration section */

/* Begin XCConfigurationList section */
		DEE20E211F7B260A00F2D2C0 /* Build configuration list for PBXProject "progressBarfun" */ = {
			isa = XCConfigurationList;
			buildConfigurations = (
				DEE20E361F7B260A00F2D2C0 /* Debug */,
				DEE20E371F7B260A00F2D2C0 /* Release */,
			);
			defaultConfigurationIsVisible = 0;
			defaultConfigurationName = Release;
		};
		DEE20E381F7B260A00F2D2C0 /* Build configuration list for PBXNativeTarget "progressBarfun" */ = {
			isa = XCConfigurationList;
			buildConfigurations = (
				DEE20E391F7B260A00F2D2C0 /* Debug */,
				DEE20E3A1F7B260A00F2D2C0 /* Release */,
			);
			defaultConfigurationIsVisible = 0;
		};
/* End XCConfigurationList section */
	};
	rootObject = DEE20E1E1F7B260A00F2D2C0 /* Project object */;
}
